
Microsoft Visual Studio Solution File, Format Version 12.00
# Visual Studio Version 17
VisualStudioVersion = 17.3.32819.101
MinimumVisualStudioVersion = 10.0.40219.1
Project("{FAE04EC0-301F-11D3-BF4B-00C04F79EFBC}") = "CustomAvatarsLeftHandPatch", "CustomAvatarsLeftHandPatch\CustomAvatarsLeftHandPatch.csproj", "{6FA65752-32BE-48B3-8907-11C9E52CD1BF}"
EndProject
Global
	GlobalSection(SolutionConfigurationPlatforms) = preSolution
		Debug|Any CPU = Debug|Any CPU
		Release|Any CPU = Release|Any CPU
	EndGlobalSection
	GlobalSection(ProjectConfigurationPlatforms) = postSolution
		{6FA65752-32BE-48B3-8907-11C9E52CD1BF}.Debug|Any CPU.ActiveCfg = Debug|Any CPU
		{6FA65752-32BE-48B3-8907-11C9E52CD1BF}.Debug|Any CPU.Build.0 = Debug|Any CPU
		{6FA65752-32BE-48B3-8907-11C9E52CD1BF}.Release|Any CPU.ActiveCfg = Release|Any CPU
		{6FA65752-32BE-48B3-8907-11C9E52CD1BF}.Release|Any CPU.Build.0 = Release|Any CPU
	EndGlobalSection
	GlobalSection(SolutionProperties) = preSolution
		HideSolutionNode = FALSE
	EndGlobalSection
	GlobalSection(ExtensibilityGlobals) = postSolution
		SolutionGuid = {7B05F16C-23BD-4DD6-AECF-D72B252D4CA8}
	EndGlobalSection
EndGlobal
